
Microsoft Visual Studio Solution File, Format Version 12.00
# Visual Studio Version 17
VisualStudioVersion = 17.9.34902.65
MinimumVisualStudioVersion = 10.0.40219.1
Project("{FAE04EC0-301F-11D3-BF4B-00C04F79EFBC}") = "Tienda.Android", "Tienda\Tienda.Android\Tienda.Android.csproj", "{2DF01675-31C6-4A7E-BEB8-BC19F34467E4}"
EndProject
Project("{FAE04EC0-301F-11D3-BF4B-00C04F79EFBC}") = "Tienda", "Tienda\Tienda\Tienda.csproj", "{B4BB5A9C-9B83-44FC-BD60-B0D0BE3ED735}"
EndProject
Global
	GlobalSection(SolutionConfigurationPlatforms) = preSolution
		Debug|Any CPU = Debug|Any CPU
		Release|Any CPU = Release|Any CPU
	EndGlobalSection
	GlobalSection(ProjectConfigurationPlatforms) = postSolution
		{2DF01675-31C6-4A7E-BEB8-BC19F34467E4}.Debug|Any CPU.ActiveCfg = Debug|Any CPU
		{2DF01675-31C6-4A7E-BEB8-BC19F34467E4}.Debug|Any CPU.Build.0 = Debug|Any CPU
		{2DF01675-31C6-4A7E-BEB8-BC19F34467E4}.Debug|Any CPU.Deploy.0 = Debug|Any CPU
		{2DF01675-31C6-4A7E-BEB8-BC19F34467E4}.Release|Any CPU.ActiveCfg = Release|Any CPU
		{2DF01675-31C6-4A7E-BEB8-BC19F34467E4}.Release|Any CPU.Build.0 = Release|Any CPU
		{2DF01675-31C6-4A7E-BEB8-BC19F34467E4}.Release|Any CPU.Deploy.0 = Release|Any CPU
		{B4BB5A9C-9B83-44FC-BD60-B0D0BE3ED735}.Debug|Any CPU.ActiveCfg = Debug|Any CPU
		{B4BB5A9C-9B83-44FC-BD60-B0D0BE3ED735}.Debug|Any CPU.Build.0 = Debug|Any CPU
		{B4BB5A9C-9B83-44FC-BD60-B0D0BE3ED735}.Debug|Any CPU.Deploy.0 = Debug|Any CPU
		{B4BB5A9C-9B83-44FC-BD60-B0D0BE3ED735}.Release|Any CPU.ActiveCfg = Release|Any CPU
		{B4BB5A9C-9B83-44FC-BD60-B0D0BE3ED735}.Release|Any CPU.Build.0 = Release|Any CPU
		{B4BB5A9C-9B83-44FC-BD60-B0D0BE3ED735}.Release|Any CPU.Deploy.0 = Release|Any CPU
	EndGlobalSection
	GlobalSection(SolutionProperties) = preSolution
		HideSolutionNode = FALSE
	EndGlobalSection
	GlobalSection(ExtensibilityGlobals) = postSolution
		SolutionGuid = {E173DAEE-CE86-468D-A394-3011B4B49B1F}
	EndGlobalSection
EndGlobal
